
Microsoft Visual Studio Solution File, Format Version 12.00
# Visual Studio Version 16
VisualStudioVersion = 16.0.29613.14
MinimumVisualStudioVersion = 10.0.40219.1
Project("{FAE04EC0-301F-11D3-BF4B-00C04F79EFBC}") = "ParallelLoading", "ParallelLoading.csproj", "{BB6ED7DD-E143-4454-A3E5-E98B42DC4A71}"
EndProject
Project("{FAE04EC0-301F-11D3-BF4B-00C04F79EFBC}") = "WriteReadClassLib", "..\WriteReadClassLib\WriteReadClassLib.csproj", "{023A76A0-678C-4B74-8982-F5DC653FCFCA}"
EndProject
Global
	GlobalSection(SolutionConfigurationPlatforms) = preSolution
		Debug|Any CPU = Debug|Any CPU
		Release|Any CPU = Release|Any CPU
	EndGlobalSection
	GlobalSection(ProjectConfigurationPlatforms) = postSolution
		{BB6ED7DD-E143-4454-A3E5-E98B42DC4A71}.Debug|Any CPU.ActiveCfg = Debug|Any CPU
		{BB6ED7DD-E143-4454-A3E5-E98B42DC4A71}.Debug|Any CPU.Build.0 = Debug|Any CPU
		{BB6ED7DD-E143-4454-A3E5-E98B42DC4A71}.Release|Any CPU.ActiveCfg = Release|Any CPU
		{BB6ED7DD-E143-4454-A3E5-E98B42DC4A71}.Release|Any CPU.Build.0 = Release|Any CPU
		{023A76A0-678C-4B74-8982-F5DC653FCFCA}.Debug|Any CPU.ActiveCfg = Debug|Any CPU
		{023A76A0-678C-4B74-8982-F5DC653FCFCA}.Debug|Any CPU.Build.0 = Debug|Any CPU
		{023A76A0-678C-4B74-8982-F5DC653FCFCA}.Release|Any CPU.ActiveCfg = Release|Any CPU
		{023A76A0-678C-4B74-8982-F5DC653FCFCA}.Release|Any CPU.Build.0 = Release|Any CPU
	EndGlobalSection
	GlobalSection(SolutionProperties) = preSolution
		HideSolutionNode = FALSE
	EndGlobalSection
	GlobalSection(ExtensibilityGlobals) = postSolution
		SolutionGuid = {0B79C885-F891-4181-9F14-FD3387AB65E7}
	EndGlobalSection
EndGlobal
